
Microsoft Visual Studio Solution File, Format Version 12.00
# Visual Studio Version 17
VisualStudioVersion = 17.13.35818.85 d17.13
MinimumVisualStudioVersion = 10.0.40219.1
Project("{FAE04EC0-301F-11D3-BF4B-00C04F79EFBC}") = "EventEasePoe", "EventEasePoe.csproj", "{01D0C2A0-1CE0-48A3-B2E3-AE1B71B747DD}"
EndProject
Global
	GlobalSection(SolutionConfigurationPlatforms) = preSolution
		Debug|Any CPU = Debug|Any CPU
		Release|Any CPU = Release|Any CPU
	EndGlobalSection
	GlobalSection(ProjectConfigurationPlatforms) = postSolution
		{01D0C2A0-1CE0-48A3-B2E3-AE1B71B747DD}.Debug|Any CPU.ActiveCfg = Debug|Any CPU
		{01D0C2A0-1CE0-48A3-B2E3-AE1B71B747DD}.Debug|Any CPU.Build.0 = Debug|Any CPU
		{01D0C2A0-1CE0-48A3-B2E3-AE1B71B747DD}.Release|Any CPU.ActiveCfg = Release|Any CPU
		{01D0C2A0-1CE0-48A3-B2E3-AE1B71B747DD}.Release|Any CPU.Build.0 = Release|Any CPU
	EndGlobalSection
	GlobalSection(SolutionProperties) = preSolution
		HideSolutionNode = FALSE
	EndGlobalSection
	GlobalSection(ExtensibilityGlobals) = postSolution
		SolutionGuid = {41CF9494-ABFF-450B-AB7D-D297B79E1854}
	EndGlobalSection
EndGlobal
